// !$*UTF8*$!
{
	archiveVersion = 1;
	classes = {
	};
	objectVersion = 50;
	objects = {

/* Begin PBXBuildFile section */
		9501F4F3223D916D000DD910 /* AppDelegate.swift in Sources */ = {isa = PBXBuildFile; fileRef = 9501F4F2223D916D000DD910 /* AppDelegate.swift */; };
		9501F4F5223D916D000DD910 /* TodoListViewController.swift in Sources */ = {isa = PBXBuildFile; fileRef = 9501F4F4223D916D000DD910 /* TodoListViewController.swift */; };
		9501F4F8223D916D000DD910 /* Main.storyboard in Resources */ = {isa = PBXBuildFile; fileRef = 9501F4F6223D916D000DD910 /* Main.storyboard */; };
		9501F4FA223D9174000DD910 /* Assets.xcassets in Resources */ = {isa = PBXBuildFile; fileRef = 9501F4F9223D9174000DD910 /* Assets.xcassets */; };
		9501F4FD223D9174000DD910 /* LaunchScreen.storyboard in Resources */ = {isa = PBXBuildFile; fileRef = 9501F4FB223D9174000DD910 /* LaunchScreen.storyboard */; };
		951502EE22480D5A008B35E0 /* CategoryViewController.swift in Sources */ = {isa = PBXBuildFile; fileRef = 951502ED22480D5A008B35E0 /* CategoryViewController.swift */; };
		951502F222493FFF008B35E0 /* Category.swift in Sources */ = {isa = PBXBuildFile; fileRef = 951502F122493FFF008B35E0 /* Category.swift */; };
		951502F42249400E008B35E0 /* Item.swift in Sources */ = {isa = PBXBuildFile; fileRef = 951502F32249400E008B35E0 /* Item.swift */; };
		951502F62249B9B2008B35E0 /* SwipeTableViewController.swift in Sources */ = {isa = PBXBuildFile; fileRef = 951502F52249B9B2008B35E0 /* SwipeTableViewController.swift */; };
		AB20F4E9B3B5ADF14653EBF7 /* Pods_Todoey.framework in Frameworks */ = {isa = PBXBuildFile; fileRef = 8596F20FA5B73D07BB064CD8 /* Pods_Todoey.framework */; };
/* End PBXBuildFile section */

/* Begin PBXFileReference section */
		83384F0D4F28044F21E2AD3F /* Pods-Todoey.release.xcconfig */ = {isa = PBXFileReference; includeInIndex = 1; lastKnownFileType = text.xcconfig; name = "Pods-Todoey.release.xcconfig"; path = "Target Support Files/Pods-Todoey/Pods-Todoey.release.xcconfig"; sourceTree = "<group>"; };
		8596F20FA5B73D07BB064CD8 /* Pods_Todoey.framework */ = {isa = PBXFileReference; explicitFileType = wrapper.framework; includeInIndex = 0; path = Pods_Todoey.framework; sourceTree = BUILT_PRODUCTS_DIR; };
		9501F4EF223D916D000DD910 /* Todoey.app */ = {isa = PBXFileReference; explicitFileType = wrapper.application; includeInIndex = 0; path = Todoey.app; sourceTree = BUILT_PRODUCTS_DIR; };
		9501F4F2223D916D000DD910 /* AppDelegate.swift */ = {isa = PBXFileReference; lastKnownFileType = sourcecode.swift; path = AppDelegate.swift; sourceTree = "<group>"; };
		9501F4F4223D916D000DD910 /* TodoListViewController.swift */ = {isa = PBXFileReference; lastKnownFileType = sourcecode.swift; path = TodoListViewController.swift; sourceTree = "<group>"; };
		9501F4F7223D916D000DD910 /* Base */ = {isa = PBXFileReference; lastKnownFileType = file.storyboard; name = Base; path = Base.lproj/Main.storyboard; sourceTree = "<group>"; };
		9501F4F9223D9174000DD910 /* Assets.xcassets */ = {isa = PBXFileReference; lastKnownFileType = folder.assetcatalog; path = Assets.xcassets; sourceTree = "<group>"; };
		9501F4FC223D9174000DD910 /* Base */ = {isa = PBXFileReference; lastKnownFileType = file.storyboard; name = Base; path = Base.lproj/LaunchScreen.storyboard; sourceTree = "<group>"; };
		9501F4FE223D9174000DD910 /* Info.plist */ = {isa = PBXFileReference; lastKnownFileType = text.plist.xml; path = Info.plist; sourceTree = "<group>"; };
		951502ED22480D5A008B35E0 /* CategoryViewController.swift */ = {isa = PBXFileReference; lastKnownFileType = sourcecode.swift; path = CategoryViewController.swift; sourceTree = "<group>"; };
		951502F122493FFF008B35E0 /* Category.swift */ = {isa = PBXFileReference; lastKnownFileType = sourcecode.swift; path = Category.swift; sourceTree = "<group>"; };
		951502F32249400E008B35E0 /* Item.swift */ = {isa = PBXFileReference; lastKnownFileType = sourcecode.swift; path = Item.swift; sourceTree = "<group>"; };
		951502F52249B9B2008B35E0 /* SwipeTableViewController.swift */ = {isa = PBXFileReference; lastKnownFileType = sourcecode.swift; path = SwipeTableViewController.swift; sourceTree = "<group>"; };
		EA728FC7ADD3480881FCDC83 /* Pods-Todoey.debug.xcconfig */ = {isa = PBXFileReference; includeInIndex = 1; lastKnownFileType = text.xcconfig; name = "Pods-Todoey.debug.xcconfig"; path = "Target Support Files/Pods-Todoey/Pods-Todoey.debug.xcconfig"; sourceTree = "<group>"; };
/* End PBXFileReference section */

/* Begin PBXFrameworksBuildPhase section */
		9501F4EC223D916D000DD910 /* Frameworks */ = {
			isa = PBXFrameworksBuildPhase;
			buildActionMask = 2147483647;
			files = (
				AB20F4E9B3B5ADF14653EBF7 /* Pods_Todoey.framework in Frameworks */,
			);
			runOnlyForDeploymentPostprocessing = 0;
		};
/* End PBXFrameworksBuildPhase section */

/* Begin PBXGroup section */
		61AA6806B98C4AF028E10C07 /* Frameworks */ = {
			isa = PBXGroup;
			children = (
				8596F20FA5B73D07BB064CD8 /* Pods_Todoey.framework */,
			);
			name = Frameworks;
			sourceTree = "<group>";
		};
		9501F4E6223D916D000DD910 = {
			isa = PBXGroup;
			children = (
				9501F4F1223D916D000DD910 /* Todoey */,
				9501F4F0223D916D000DD910 /* Products */,
				DA9CEA46CEF600F73DAACF8F /* Pods */,
				61AA6806B98C4AF028E10C07 /* Frameworks */,
			);
			sourceTree = "<group>";
		};
		9501F4F0223D916D000DD910 /* Products */ = {
			isa = PBXGroup;
			children = (
				9501F4EF223D916D000DD910 /* Todoey.app */,
			);
			name = Products;
			sourceTree = "<group>";
		};
		9501F4F1223D916D000DD910 /* Todoey */ = {
			isa = PBXGroup;
			children = (
				9501F4F2223D916D000DD910 /* AppDelegate.swift */,
				9501F50A223DF9F6000DD910 /* Controllers */,
				9501F505223DEED2000DD910 /* Data Model */,
				9501F506223DEEE3000DD910 /* Views */,
				9501F507223DEF3E000DD910 /* Supporting Files */,
				9501F4FE223D9174000DD910 /* Info.plist */,
			);
			path = Todoey;
			sourceTree = "<group>";
		};
		9501F505223DEED2000DD910 /* Data Model */ = {
			isa = PBXGroup;
			children = (
				951502F122493FFF008B35E0 /* Category.swift */,
				951502F32249400E008B35E0 /* Item.swift */,
			);
			path = "Data Model";
			sourceTree = "<group>";
		};
		9501F506223DEEE3000DD910 /* Views */ = {
			isa = PBXGroup;
			children = (
				9501F4FB223D9174000DD910 /* LaunchScreen.storyboard */,
				9501F4F6223D916D000DD910 /* Main.storyboard */,
			);
			name = Views;
			sourceTree = "<group>";
		};
		9501F507223DEF3E000DD910 /* Supporting Files */ = {
			isa = PBXGroup;
			children = (
				9501F4F9223D9174000DD910 /* Assets.xcassets */,
			);
			name = "Supporting Files";
			sourceTree = "<group>";
		};
		9501F50A223DF9F6000DD910 /* Controllers */ = {
			isa = PBXGroup;
			children = (
				951502ED22480D5A008B35E0 /* CategoryViewController.swift */,
				9501F4F4223D916D000DD910 /* TodoListViewController.swift */,
				951502F52249B9B2008B35E0 /* SwipeTableViewController.swift */,
			);
			path = Controllers;
			sourceTree = "<group>";
		};
		DA9CEA46CEF600F73DAACF8F /* Pods */ = {
			isa = PBXGroup;
			children = (
				EA728FC7ADD3480881FCDC83 /* Pods-Todoey.debug.xcconfig */,
				83384F0D4F28044F21E2AD3F /* Pods-Todoey.release.xcconfig */,
			);
			path = Pods;
			sourceTree = "<group>";
		};
/* End PBXGroup section */

/* Begin PBXNativeTarget section */
		9501F4EE223D916D000DD910 /* Todoey */ = {
			isa = PBXNativeTarget;
			buildConfigurationList = 9501F501223D9174000DD910 /* Build configuration list for PBXNativeTarget "Todoey" */;
			buildPhases = (
				3A569FFAA640BFE56AD135F5 /* [CP] Check Pods Manifest.lock */,
				9501F4EB223D916D000DD910 /* Sources */,
				9501F4EC223D916D000DD910 /* Frameworks */,
				9501F4ED223D916D000DD910 /* Resources */,
				A8BAD78F64114E3EAA0EC732 /* [CP] Embed Pods Frameworks */,
			);
			buildRules = (
			);
			dependencies = (
			);
			name = Todoey;
			productName = Todoey;
			productReference = 9501F4EF223D916D000DD910 /* Todoey.app */;
			productType = "com.apple.product-type.application";
		};
/* End PBXNativeTarget section */

/* Begin PBXProject section */
		9501F4E7223D916D000DD910 /* Project object */ = {
			isa = PBXProject;
			attributes = {
				LastSwiftUpdateCheck = 1010;
				LastUpgradeCheck = 1010;
				ORGANIZATIONNAME = E11EVENN;
				TargetAttributes = {
					9501F4EE223D916D000DD910 = {
						CreatedOnToolsVersion = 10.1;
					};
				};
			};
			buildConfigurationList = 9501F4EA223D916D000DD910 /* Build configuration list for PBXProject "Todoey" */;
			compatibilityVersion = "Xcode 9.3";
			developmentRegion = en;
			hasScannedForEncodings = 0;
			knownRegions = (
				en,
				Base,
			);
			mainGroup = 9501F4E6223D916D000DD910;
			productRefGroup = 9501F4F0223D916D000DD910 /* Products */;
			projectDirPath = "";
			projectRoot = "";
			targets = (
				9501F4EE223D916D000DD910 /* Todoey */,
			);
		};
/* End PBXProject section */

/* Begin PBXResourcesBuildPhase section */
		9501F4ED223D916D000DD910 /* Resources */ = {
			isa = PBXResourcesBuildPhase;
			buildActionMask = 2147483647;
			files = (
				9501F4FD223D9174000DD910 /* LaunchScreen.storyboard in Resources */,
				9501F4FA223D9174000DD910 /* Assets.xcassets in Resources */,
				9501F4F8223D916D000DD910 /* Main.storyboard in Resources */,
			);
			runOnlyForDeploymentPostprocessing = 0;
		};
/* End PBXResourcesBuildPhase section */

/* Begin PBXShellScriptBuildPhase section */
		3A569FFAA640BFE56AD135F5 /* [CP] Check Pods Manifest.lock */ = {
			isa = PBXShellScriptBuildPhase;
			buildActionMask = 2147483647;
			files = (
			);
			inputFileListPaths = (
			);
			inputPaths = (
				"${PODS_PODFILE_DIR_PATH}/Podfile.lock",
				"${PODS_ROOT}/Manifest.lock",
			);
			name = "[CP] Check Pods Manifest.lock";
			outputFileListPaths = (
			);
			outputPaths = (
				"$(DERIVED_FILE_DIR)/Pods-Todoey-checkManifestLockResult.txt",
			);
			runOnlyForDeploymentPostprocessing = 0;
			shellPath = /bin/sh;
			shellScript = "diff \"${PODS_PODFILE_DIR_PATH}/Podfile.lock\" \"${PODS_ROOT}/Manifest.lock\" > /dev/null\nif [ $? != 0 ] ; then\n    # print error to STDERR\n    echo \"error: The sandbox is not in sync with the Podfile.lock. Run 'pod install' or update your CocoaPods installation.\" >&2\n    exit 1\nfi\n# This output is used by Xcode 'outputs' to avoid re-running this script phase.\necho \"SUCCESS\" > \"${SCRIPT_OUTPUT_FILE_0}\"\n";
			showEnvVarsInLog = 0;
		};
		A8BAD78F64114E3EAA0EC732 /* [CP] Embed Pods Frameworks */ = {
			isa = PBXShellScriptBuildPhase;
			buildActionMask = 2147483647;
			files = (
			);
			inputFileListPaths = (
			);
			inputPaths = (
				"${PODS_ROOT}/Target Support Files/Pods-Todoey/Pods-Todoey-frameworks.sh",
				"${BUILT_PRODUCTS_DIR}/Realm/Realm.framework",
				"${BUILT_PRODUCTS_DIR}/RealmSwift/RealmSwift.framework",
				"${BUILT_PRODUCTS_DIR}/SwipeCellKit/SwipeCellKit.framework",
			);
			name = "[CP] Embed Pods Frameworks";
			outputFileListPaths = (
			);
			outputPaths = (
				"${TARGET_BUILD_DIR}/${FRAMEWORKS_FOLDER_PATH}/Realm.framework",
				"${TARGET_BUILD_DIR}/${FRAMEWORKS_FOLDER_PATH}/RealmSwift.framework",
				"${TARGET_BUILD_DIR}/${FRAMEWORKS_FOLDER_PATH}/SwipeCellKit.framework",
			);
			runOnlyForDeploymentPostprocessing = 0;
			shellPath = /bin/sh;
			shellScript = "\"${PODS_ROOT}/Target Support Files/Pods-Todoey/Pods-Todoey-frameworks.sh\"\n";
			showEnvVarsInLog = 0;
		};
/* End PBXShellScriptBuildPhase section */

/* Begin PBXSourcesBuildPhase section */
		9501F4EB223D916D000DD910 /* Sources */ = {
			isa = PBXSourcesBuildPhase;
			buildActionMask = 2147483647;
			files = (
				951502EE22480D5A008B35E0 /* CategoryViewController.swift in Sources */,
				951502F222493FFF008B35E0 /* Category.swift in Sources */,
				9501F4F5223D916D000DD910 /* TodoListViewController.swift in Sources */,
				951502F42249400E008B35E0 /* Item.swift in Sources */,
				951502F62249B9B2008B35E0 /* SwipeTableViewController.swift in Sources */,
				9501F4F3223D916D000DD910 /* AppDelegate.swift in Sources */,
			);
			runOnlyForDeploymentPostprocessing = 0;
		};
/* End PBXSourcesBuildPhase section */

/* Begin PBXVariantGroup section */
		9501F4F6223D916D000DD910 /* Main.storyboard */ = {
			isa = PBXVariantGroup;
			children = (
				9501F4F7223D916D000DD910 /* Base */,
			);
			name = Main.storyboard;
			sourceTree = "<group>";
		};
		9501F4FB223D9174000DD910 /* LaunchScreen.storyboard */ = {
			isa = PBXVariantGroup;
			children = (
				9501F4FC223D9174000DD910 /* Base */,
			);
			name = LaunchScreen.storyboard;
			sourceTree = "<group>";
		};
/* End PBXVariantGroup section */

/* Begin XCBuildConfiguration section */
		9501F4FF223D9174000DD910 /* Debug */ = {
			isa = XCBuildConfiguration;
			buildSettings = {
				ALWAYS_SEARCH_USER_PATHS = NO;
				CLANG_ANALYZER_NONNULL = YES;
				CLANG_ANALYZER_NUMBER_OBJECT_CONVERSION = YES_AGGRESSIVE;
				CLANG_CXX_LANGUAGE_STANDARD = "gnu++14";
				CLANG_CXX_LIBRARY = "libc++";
				CLANG_ENABLE_MODULES = YES;
				CLANG_ENABLE_OBJC_ARC = YES;
				CLANG_ENABLE_OBJC_WEAK = YES;
				CLANG_WARN_BLOCK_CAPTURE_AUTORELEASING = YES;
				CLANG_WARN_BOOL_CONVERSION = YES;
				CLANG_WARN_COMMA = YES;
				CLANG_WARN_CONSTANT_CONVERSION = YES;
				CLANG_WARN_DEPRECATED_OBJC_IMPLEMENTATIONS = YES;
				CLANG_WARN_DIRECT_OBJC_ISA_USAGE = YES_ERROR;
				CLANG_WARN_DOCUMENTATION_COMMENTS = YES;
				CLANG_WARN_EMPTY_BODY = YES;
				CLANG_WARN_ENUM_CONVERSION = YES;
				CLANG_WARN_INFINITE_RECURSION = YES;
				CLANG_WARN_INT_CONVERSION = YES;
				CLANG_WARN_NON_LITERAL_NULL_CONVERSION = YES;
				CLANG_WARN_OBJC_IMPLICIT_RETAIN_SELF = YES;
				CLANG_WARN_OBJC_LITERAL_CONVERSION = YES;
				CLANG_WARN_OBJC_ROOT_CLASS = YES_ERROR;
				CLANG_WARN_RANGE_LOOP_ANALYSIS = YES;
				CLANG_WARN_STRICT_PROTOTYPES = YES;
				CLANG_WARN_SUSPICIOUS_MOVE = YES;
				CLANG_WARN_UNGUARDED_AVAILABILITY = YES_AGGRESSIVE;
				CLANG_WARN_UNREACHABLE_CODE = YES;
				CLANG_WARN__DUPLICATE_METHOD_MATCH = YES;
				CODE_SIGN_IDENTITY = "iPhone Developer";
				COPY_PHASE_STRIP = NO;
				DEBUG_INFORMATION_FORMAT = dwarf;
				ENABLE_STRICT_OBJC_MSGSEND = YES;
				ENABLE_TESTABILITY = YES;
				GCC_C_LANGUAGE_STANDARD = gnu11;
				GCC_DYNAMIC_NO_PIC = NO;
				GCC_NO_COMMON_BLOCKS = YES;
				GCC_OPTIMIZATION_LEVEL = 0;
				GCC_PREPROCESSOR_DEFINITIONS = (
					"DEBUG=1",
					"$(inherited)",
				);
				GCC_WARN_64_TO_32_BIT_CONVERSION = YES;
				GCC_WARN_ABOUT_RETURN_TYPE = YES_ERROR;
				GCC_WARN_UNDECLARED_SELECTOR = YES;
				GCC_WARN_UNINITIALIZED_AUTOS = YES_AGGRESSIVE;
				GCC_WARN_UNUSED_FUNCTION = YES;
				GCC_WARN_UNUSED_VARIABLE = YES;
				IPHONEOS_DEPLOYMENT_TARGET = 12.1;
				MTL_ENABLE_DEBUG_INFO = INCLUDE_SOURCE;
				MTL_FAST_MATH = YES;
				ONLY_ACTIVE_ARCH = YES;
				SDKROOT = iphoneos;
				SWIFT_ACTIVE_COMPILATION_CONDITIONS = DEBUG;
				SWIFT_OPTIMIZATION_LEVEL = "-Onone";
			};
			name = Debug;
		};
		9501F500223D9174000DD910 /* Release */ = {
			isa = XCBuildConfiguration;
			buildSettings = {
				ALWAYS_SEARCH_USER_PATHS = NO;
				CLANG_ANALYZER_NONNULL = YES;
				CLANG_ANALYZER_NUMBER_OBJECT_CONVERSION = YES_AGGRESSIVE;
				CLANG_CXX_LANGUAGE_STANDARD = "gnu++14";
				CLANG_CXX_LIBRARY = "libc++";
				CLANG_ENABLE_MODULES = YES;
				CLANG_ENABLE_OBJC_ARC = YES;
				CLANG_ENABLE_OBJC_WEAK = YES;
				CLANG_WARN_BLOCK_CAPTURE_AUTORELEASING = YES;
				CLANG_WARN_BOOL_CONVERSION = YES;
				CLANG_WARN_COMMA = YES;
				CLANG_WARN_CONSTANT_CONVERSION = YES;
				CLANG_WARN_DEPRECATED_OBJC_IMPLEMENTATIONS = YES;
				CLANG_WARN_DIRECT_OBJC_ISA_USAGE = YES_ERROR;
				CLANG_WARN_DOCUMENTATION_COMMENTS = YES;
				CLANG_WARN_EMPTY_BODY = YES;
				CLANG_WARN_ENUM_CONVERSION = YES;
				CLANG_WARN_INFINITE_RECURSION = YES;
				CLANG_WARN_INT_CONVERSION = YES;
				CLANG_WARN_NON_LITERAL_NULL_CONVERSION = YES;
				CLANG_WARN_OBJC_IMPLICIT_RETAIN_SELF = YES;
				CLANG_WARN_OBJC_LITERAL_CONVERSION = YES;
				CLANG_WARN_OBJC_ROOT_CLASS = YES_ERROR;
				CLANG_WARN_RANGE_LOOP_ANALYSIS = YES;
				CLANG_WARN_STRICT_PROTOTYPES = YES;
				CLANG_WARN_SUSPICIOUS_MOVE = YES;
				CLANG_WARN_UNGUARDED_AVAILABILITY = YES_AGGRESSIVE;
				CLANG_WARN_UNREACHABLE_CODE = YES;
				CLANG_WARN__DUPLICATE_METHOD_MATCH = YES;
				CODE_SIGN_IDENTITY = "iPhone Developer";
				COPY_PHASE_STRIP = NO;
				DEBUG_INFORMATION_FORMAT = "dwarf-with-dsym";
				ENABLE_NS_ASSERTIONS = NO;
				ENABLE_STRICT_OBJC_MSGSEND = YES;
				GCC_C_LANGUAGE_STANDARD = gnu11;
				GCC_NO_COMMON_BLOCKS = YES;
				GCC_WARN_64_TO_32_BIT_CONVERSION = YES;
				GCC_WARN_ABOUT_RETURN_TYPE = YES_ERROR;
				GCC_WARN_UNDECLARED_SELECTOR = YES;
				GCC_WARN_UNINITIALIZED_AUTOS = YES_AGGRESSIVE;
				GCC_WARN_UNUSED_FUNCTION = YES;
				GCC_WARN_UNUSED_VARIABLE = YES;
				IPHONEOS_DEPLOYMENT_TARGET = 12.1;
				MTL_ENABLE_DEBUG_INFO = NO;
				MTL_FAST_MATH = YES;
				SDKROOT = iphoneos;
				SWIFT_COMPILATION_MODE = wholemodule;
				SWIFT_OPTIMIZATION_LEVEL = "-O";
				VALIDATE_PRODUCT = YES;
			};
			name = Release;
		};
		9501F502223D9174000DD910 /* Debug */ = {
			isa = XCBuildConfiguration;
			baseConfigurationReference = EA728FC7ADD3480881FCDC83 /* Pods-Todoey.debug.xcconfig */;
			buildSettings = {
				ASSETCATALOG_COMPILER_APPICON_NAME = AppIcon;
				CODE_SIGN_STYLE = Automatic;
				DEVELOPMENT_TEAM = 6XPM5RZ74S;
				INFOPLIST_FILE = Todoey/Info.plist;
				LD_RUNPATH_SEARCH_PATHS = (
					"$(inherited)",
					"@executable_path/Frameworks",
				);
				PRODUCT_BUNDLE_IDENTIFIER = com.e11evenn.Todoey;
				PRODUCT_NAME = "$(TARGET_NAME)";
				SWIFT_VERSION = 4.2;
				TARGETED_DEVICE_FAMILY = "1,2";
			};
			name = Debug;
		};
		9501F503223D9174000DD910 /* Release */ = {
			isa = XCBuildConfiguration;
			baseConfigurationReference = 83384F0D4F28044F21E2AD3F /* Pods-Todoey.release.xcconfig */;
			buildSettings = {
				ASSETCATALOG_COMPILER_APPICON_NAME = AppIcon;
				CODE_SIGN_STYLE = Automatic;
				DEVELOPMENT_TEAM = 6XPM5RZ74S;
				INFOPLIST_FILE = Todoey/Info.plist;
				LD_RUNPATH_SEARCH_PATHS = (
					"$(inherited)",
					"@executable_path/Frameworks",
				);
				PRODUCT_BUNDLE_IDENTIFIER = com.e11evenn.Todoey;
				PRODUCT_NAME = "$(TARGET_NAME)";
				SWIFT_VERSION = 4.2;
				TARGETED_DEVICE_FAMILY = "1,2";
			};
			name = Release;
		};
/* End XCBuildConfiguration section */

/* Begin XCConfigurationList section */
		9501F4EA223D916D000DD910 /* Build configuration list for PBXProject "Todoey" */ = {
			isa = XCConfigurationList;
			buildConfigurations = (
				9501F4FF223D9174000DD910 /* Debug */,
				9501F500223D9174000DD910 /* Release */,
			);
			defaultConfigurationIsVisible = 0;
			defaultConfigurationName = Release;
		};
		9501F501223D9174000DD910 /* Build configuration list for PBXNativeTarget "Todoey" */ = {
			isa = XCConfigurationList;
			buildConfigurations = (
				9501F502223D9174000DD910 /* Debug */,
				9501F503223D9174000DD910 /* Release */,
			);
			defaultConfigurationIsVisible = 0;
			defaultConfigurationName = Release;
		};
/* End XCConfigurationList section */
	};
	rootObject = 9501F4E7223D916D000DD910 /* Project object */;
}
